
Microsoft Visual Studio Solution File, Format Version 12.00
# Visual Studio 2013
VisualStudioVersion = 12.0.31101.0
MinimumVisualStudioVersion = 10.0.40219.1
Project("{2150E333-8FDC-42A3-9474-1A3956D46DE8}") = "Solution Items", "Solution Items", "{47270EF9-7EE0-4619-B9E5-1E4E1EA50D07}"
	ProjectSection(SolutionItems) = preProject
		..\README.md = ..\README.md
	EndProjectSection
EndProject
Project("{FAE04EC0-301F-11D3-BF4B-00C04F79EFBC}") = "NetDist.Server", "NetDist.Server\NetDist.Server.csproj", "{EC8ED506-D584-4C08-A827-DFE301F775F7}"
EndProject
Project("{FAE04EC0-301F-11D3-BF4B-00C04F79EFBC}") = "NetDist.Client", "NetDist.Client\NetDist.Client.csproj", "{1981F386-7C69-41E4-B859-22D2D4322098}"
EndProject
Project("{FAE04EC0-301F-11D3-BF4B-00C04F79EFBC}") = "NetDist.Core", "NetDist.Core\NetDist.Core.csproj", "{AF2925D1-E039-4D6B-AE81-2F5FE56FAF4E}"
EndProject
Project("{FAE04EC0-301F-11D3-BF4B-00C04F79EFBC}") = "NetDist.ServerAdmin", "NetDist.ServerAdmin\NetDist.ServerAdmin.csproj", "{4E175507-9C76-4B55-BB86-680E974271FC}"
EndProject
Project("{FAE04EC0-301F-11D3-BF4B-00C04F79EFBC}") = "NetDist.Jobs", "NetDist.Jobs\NetDist.Jobs.csproj", "{FF8E83D4-62D9-4E0F-908C-9FD2C2C9C229}"
EndProject
Project("{2150E333-8FDC-42A3-9474-1A3956D46DE8}") = "Core", "Core", "{8C9A7E3F-E54F-48F2-B446-C47033F88966}"
EndProject
Project("{2150E333-8FDC-42A3-9474-1A3956D46DE8}") = "Sample Jobs", "Sample Jobs", "{3430ED6D-6CA2-4205-B99F-947DF89B4D54}"
EndProject
Project("{FAE04EC0-301F-11D3-BF4B-00C04F79EFBC}") = "NetDist.Handlers", "NetDist.Handlers\NetDist.Handlers.csproj", "{F972362E-B0BD-461D-950A-5A3EA19BF120}"
EndProject
Project("{FAE04EC0-301F-11D3-BF4B-00C04F79EFBC}") = "SimpleCalculator", "SimpleCalculator\SimpleCalculator.csproj", "{A1F8C8E1-9FB3-4300-B411-E21A73093566}"
EndProject
Project("{FAE04EC0-301F-11D3-BF4B-00C04F79EFBC}") = "NetDist.Server.WebApi", "NetDist.Server.WebApi\NetDist.Server.WebApi.csproj", "{75C86772-1079-4FF0-9C69-268131872B0D}"
EndProject
Project("{FAE04EC0-301F-11D3-BF4B-00C04F79EFBC}") = "NetDist.ServerAdmin.WebApi", "NetDist.ServerAdmin.WebApi\NetDist.ServerAdmin.WebApi.csproj", "{FD99738A-616D-41DF-A4A7-4DD6ABEB5DEB}"
EndProject
Project("{FAE04EC0-301F-11D3-BF4B-00C04F79EFBC}") = "NetDist.Client.WebApi", "NetDist.Client.WebApi\NetDist.Client.WebApi.csproj", "{C02AC3F2-58A3-451E-AD0F-BF3D245B93BC}"
EndProject
Project("{2150E333-8FDC-42A3-9474-1A3956D46DE8}") = "Executables", "Executables", "{7943E07F-764B-443D-87F7-3727A8CA0434}"
EndProject
Project("{FAE04EC0-301F-11D3-BF4B-00C04F79EFBC}") = "WpfServer", "WpfServer\WpfServer.csproj", "{610A37DE-BE28-4C98-AE68-FE98EBA4D86E}"
EndProject
Project("{FAE04EC0-301F-11D3-BF4B-00C04F79EFBC}") = "WpfClient", "WpfClient\WpfClient.csproj", "{AA3AAE42-B02B-49D4-883E-20B559683B3D}"
EndProject
Project("{FAE04EC0-301F-11D3-BF4B-00C04F79EFBC}") = "WpfServerAdmin", "WpfServerAdmin\WpfServerAdmin.csproj", "{ACAD2BD7-9658-49CD-B885-EF95B34D3D1C}"
EndProject
Project("{FAE04EC0-301F-11D3-BF4B-00C04F79EFBC}") = "NetDist.Logging", "NetDist.Logging\NetDist.Logging.csproj", "{DE600B9A-C488-40E1-8D0E-E0E6D64FFB90}"
EndProject
Project("{FAE04EC0-301F-11D3-BF4B-00C04F79EFBC}") = "DependencySample.Handlers", "DependencySample.Handlers\DependencySample.Handlers.csproj", "{DE4A8BEA-54BB-49BD-924B-A70A90AED1D7}"
EndProject
Project("{FAE04EC0-301F-11D3-BF4B-00C04F79EFBC}") = "DependencySample.Jobs", "DependencySample.Jobs\DependencySample.Jobs.csproj", "{B1295CC6-A366-4A4E-8E77-874EC79FFAF5}"
EndProject
Project("{2150E333-8FDC-42A3-9474-1A3956D46DE8}") = "DependencySample", "DependencySample", "{6EBB36F8-F201-4807-929D-A376B211FF4C}"
EndProject
Project("{FAE04EC0-301F-11D3-BF4B-00C04F79EFBC}") = "DependencySample.Shared", "DependencySample.Shared\DependencySample.Shared.csproj", "{6FFD43F9-B99D-4AF1-B746-F8F993CFB7B4}"
EndProject
Project("{FAE04EC0-301F-11D3-BF4B-00C04F79EFBC}") = "DependencySample.ServerDependency", "DependencySample.ServerDependency\DependencySample.ServerDependency.csproj", "{EAEF40DA-8F29-4E46-AE30-D5B827C88FBB}"
EndProject
Project("{FAE04EC0-301F-11D3-BF4B-00C04F79EFBC}") = "DependencySample.ClientDependency", "DependencySample.ClientDependency\DependencySample.ClientDependency.csproj", "{10264E20-CAEE-42CD-B849-9C23014AAC74}"
EndProject
Project("{FAE04EC0-301F-11D3-BF4B-00C04F79EFBC}") = "Wpf.Shared", "Wpf.Shared\Wpf.Shared.csproj", "{761276F7-95D2-4FAF-97A0-DEB2FF0691A8}"
EndProject
Global
	GlobalSection(SolutionConfigurationPlatforms) = preSolution
		Debug|Any CPU = Debug|Any CPU
		Release|Any CPU = Release|Any CPU
	EndGlobalSection
	GlobalSection(ProjectConfigurationPlatforms) = postSolution
		{EC8ED506-D584-4C08-A827-DFE301F775F7}.Debug|Any CPU.ActiveCfg = Debug|Any CPU
		{EC8ED506-D584-4C08-A827-DFE301F775F7}.Debug|Any CPU.Build.0 = Debug|Any CPU
		{EC8ED506-D584-4C08-A827-DFE301F775F7}.Release|Any CPU.ActiveCfg = Release|Any CPU
		{EC8ED506-D584-4C08-A827-DFE301F775F7}.Release|Any CPU.Build.0 = Release|Any CPU
		{1981F386-7C69-41E4-B859-22D2D4322098}.Debug|Any CPU.ActiveCfg = Debug|Any CPU
		{1981F386-7C69-41E4-B859-22D2D4322098}.Debug|Any CPU.Build.0 = Debug|Any CPU
		{1981F386-7C69-41E4-B859-22D2D4322098}.Release|Any CPU.ActiveCfg = Release|Any CPU
		{1981F386-7C69-41E4-B859-22D2D4322098}.Release|Any CPU.Build.0 = Release|Any CPU
		{AF2925D1-E039-4D6B-AE81-2F5FE56FAF4E}.Debug|Any CPU.ActiveCfg = Debug|Any CPU
		{AF2925D1-E039-4D6B-AE81-2F5FE56FAF4E}.Debug|Any CPU.Build.0 = Debug|Any CPU
		{AF2925D1-E039-4D6B-AE81-2F5FE56FAF4E}.Release|Any CPU.ActiveCfg = Release|Any CPU
		{AF2925D1-E039-4D6B-AE81-2F5FE56FAF4E}.Release|Any CPU.Build.0 = Release|Any CPU
		{4E175507-9C76-4B55-BB86-680E974271FC}.Debug|Any CPU.ActiveCfg = Debug|Any CPU
		{4E175507-9C76-4B55-BB86-680E974271FC}.Debug|Any CPU.Build.0 = Debug|Any CPU
		{4E175507-9C76-4B55-BB86-680E974271FC}.Release|Any CPU.ActiveCfg = Release|Any CPU
		{4E175507-9C76-4B55-BB86-680E974271FC}.Release|Any CPU.Build.0 = Release|Any CPU
		{FF8E83D4-62D9-4E0F-908C-9FD2C2C9C229}.Debug|Any CPU.ActiveCfg = Debug|Any CPU
		{FF8E83D4-62D9-4E0F-908C-9FD2C2C9C229}.Debug|Any CPU.Build.0 = Debug|Any CPU
		{FF8E83D4-62D9-4E0F-908C-9FD2C2C9C229}.Release|Any CPU.ActiveCfg = Release|Any CPU
		{FF8E83D4-62D9-4E0F-908C-9FD2C2C9C229}.Release|Any CPU.Build.0 = Release|Any CPU
		{F972362E-B0BD-461D-950A-5A3EA19BF120}.Debug|Any CPU.ActiveCfg = Debug|Any CPU
		{F972362E-B0BD-461D-950A-5A3EA19BF120}.Debug|Any CPU.Build.0 = Debug|Any CPU
		{F972362E-B0BD-461D-950A-5A3EA19BF120}.Release|Any CPU.ActiveCfg = Release|Any CPU
		{F972362E-B0BD-461D-950A-5A3EA19BF120}.Release|Any CPU.Build.0 = Release|Any CPU
		{A1F8C8E1-9FB3-4300-B411-E21A73093566}.Debug|Any CPU.ActiveCfg = Debug|Any CPU
		{A1F8C8E1-9FB3-4300-B411-E21A73093566}.Debug|Any CPU.Build.0 = Debug|Any CPU
		{A1F8C8E1-9FB3-4300-B411-E21A73093566}.Release|Any CPU.ActiveCfg = Release|Any CPU
		{A1F8C8E1-9FB3-4300-B411-E21A73093566}.Release|Any CPU.Build.0 = Release|Any CPU
		{75C86772-1079-4FF0-9C69-268131872B0D}.Debug|Any CPU.ActiveCfg = Debug|Any CPU
		{75C86772-1079-4FF0-9C69-268131872B0D}.Debug|Any CPU.Build.0 = Debug|Any CPU
		{75C86772-1079-4FF0-9C69-268131872B0D}.Release|Any CPU.ActiveCfg = Release|Any CPU
		{75C86772-1079-4FF0-9C69-268131872B0D}.Release|Any CPU.Build.0 = Release|Any CPU
		{FD99738A-616D-41DF-A4A7-4DD6ABEB5DEB}.Debug|Any CPU.ActiveCfg = Debug|Any CPU
		{FD99738A-616D-41DF-A4A7-4DD6ABEB5DEB}.Debug|Any CPU.Build.0 = Debug|Any CPU
		{FD99738A-616D-41DF-A4A7-4DD6ABEB5DEB}.Release|Any CPU.ActiveCfg = Release|Any CPU
		{FD99738A-616D-41DF-A4A7-4DD6ABEB5DEB}.Release|Any CPU.Build.0 = Release|Any CPU
		{C02AC3F2-58A3-451E-AD0F-BF3D245B93BC}.Debug|Any CPU.ActiveCfg = Debug|Any CPU
		{C02AC3F2-58A3-451E-AD0F-BF3D245B93BC}.Debug|Any CPU.Build.0 = Debug|Any CPU
		{C02AC3F2-58A3-451E-AD0F-BF3D245B93BC}.Release|Any CPU.ActiveCfg = Release|Any CPU
		{C02AC3F2-58A3-451E-AD0F-BF3D245B93BC}.Release|Any CPU.Build.0 = Release|Any CPU
		{610A37DE-BE28-4C98-AE68-FE98EBA4D86E}.Debug|Any CPU.ActiveCfg = Debug|Any CPU
		{610A37DE-BE28-4C98-AE68-FE98EBA4D86E}.Debug|Any CPU.Build.0 = Debug|Any CPU
		{610A37DE-BE28-4C98-AE68-FE98EBA4D86E}.Release|Any CPU.ActiveCfg = Release|Any CPU
		{610A37DE-BE28-4C98-AE68-FE98EBA4D86E}.Release|Any CPU.Build.0 = Release|Any CPU
		{AA3AAE42-B02B-49D4-883E-20B559683B3D}.Debug|Any CPU.ActiveCfg = Debug|Any CPU
		{AA3AAE42-B02B-49D4-883E-20B559683B3D}.Debug|Any CPU.Build.0 = Debug|Any CPU
		{AA3AAE42-B02B-49D4-883E-20B559683B3D}.Release|Any CPU.ActiveCfg = Release|Any CPU
		{AA3AAE42-B02B-49D4-883E-20B559683B3D}.Release|Any CPU.Build.0 = Release|Any CPU
		{ACAD2BD7-9658-49CD-B885-EF95B34D3D1C}.Debug|Any CPU.ActiveCfg = Debug|Any CPU
		{ACAD2BD7-9658-49CD-B885-EF95B34D3D1C}.Debug|Any CPU.Build.0 = Debug|Any CPU
		{ACAD2BD7-9658-49CD-B885-EF95B34D3D1C}.Release|Any CPU.ActiveCfg = Release|Any CPU
		{ACAD2BD7-9658-49CD-B885-EF95B34D3D1C}.Release|Any CPU.Build.0 = Release|Any CPU
		{DE600B9A-C488-40E1-8D0E-E0E6D64FFB90}.Debug|Any CPU.ActiveCfg = Debug|Any CPU
		{DE600B9A-C488-40E1-8D0E-E0E6D64FFB90}.Debug|Any CPU.Build.0 = Debug|Any CPU
		{DE600B9A-C488-40E1-8D0E-E0E6D64FFB90}.Release|Any CPU.ActiveCfg = Release|Any CPU
		{DE600B9A-C488-40E1-8D0E-E0E6D64FFB90}.Release|Any CPU.Build.0 = Release|Any CPU
		{DE4A8BEA-54BB-49BD-924B-A70A90AED1D7}.Debug|Any CPU.ActiveCfg = Debug|Any CPU
		{DE4A8BEA-54BB-49BD-924B-A70A90AED1D7}.Debug|Any CPU.Build.0 = Debug|Any CPU
		{DE4A8BEA-54BB-49BD-924B-A70A90AED1D7}.Release|Any CPU.ActiveCfg = Release|Any CPU
		{DE4A8BEA-54BB-49BD-924B-A70A90AED1D7}.Release|Any CPU.Build.0 = Release|Any CPU
		{B1295CC6-A366-4A4E-8E77-874EC79FFAF5}.Debug|Any CPU.ActiveCfg = Debug|Any CPU
		{B1295CC6-A366-4A4E-8E77-874EC79FFAF5}.Debug|Any CPU.Build.0 = Debug|Any CPU
		{B1295CC6-A366-4A4E-8E77-874EC79FFAF5}.Release|Any CPU.ActiveCfg = Release|Any CPU
		{B1295CC6-A366-4A4E-8E77-874EC79FFAF5}.Release|Any CPU.Build.0 = Release|Any CPU
		{6FFD43F9-B99D-4AF1-B746-F8F993CFB7B4}.Debug|Any CPU.ActiveCfg = Debug|Any CPU
		{6FFD43F9-B99D-4AF1-B746-F8F993CFB7B4}.Debug|Any CPU.Build.0 = Debug|Any CPU
		{6FFD43F9-B99D-4AF1-B746-F8F993CFB7B4}.Release|Any CPU.ActiveCfg = Release|Any CPU
		{6FFD43F9-B99D-4AF1-B746-F8F993CFB7B4}.Release|Any CPU.Build.0 = Release|Any CPU
		{EAEF40DA-8F29-4E46-AE30-D5B827C88FBB}.Debug|Any CPU.ActiveCfg = Debug|Any CPU
		{EAEF40DA-8F29-4E46-AE30-D5B827C88FBB}.Debug|Any CPU.Build.0 = Debug|Any CPU
		{EAEF40DA-8F29-4E46-AE30-D5B827C88FBB}.Release|Any CPU.ActiveCfg = Release|Any CPU
		{EAEF40DA-8F29-4E46-AE30-D5B827C88FBB}.Release|Any CPU.Build.0 = Release|Any CPU
		{10264E20-CAEE-42CD-B849-9C23014AAC74}.Debug|Any CPU.ActiveCfg = Debug|Any CPU
		{10264E20-CAEE-42CD-B849-9C23014AAC74}.Debug|Any CPU.Build.0 = Debug|Any CPU
		{10264E20-CAEE-42CD-B849-9C23014AAC74}.Release|Any CPU.ActiveCfg = Release|Any CPU
		{10264E20-CAEE-42CD-B849-9C23014AAC74}.Release|Any CPU.Build.0 = Release|Any CPU
		{761276F7-95D2-4FAF-97A0-DEB2FF0691A8}.Debug|Any CPU.ActiveCfg = Debug|Any CPU
		{761276F7-95D2-4FAF-97A0-DEB2FF0691A8}.Debug|Any CPU.Build.0 = Debug|Any CPU
		{761276F7-95D2-4FAF-97A0-DEB2FF0691A8}.Release|Any CPU.ActiveCfg = Release|Any CPU
		{761276F7-95D2-4FAF-97A0-DEB2FF0691A8}.Release|Any CPU.Build.0 = Release|Any CPU
	EndGlobalSection
	GlobalSection(SolutionProperties) = preSolution
		HideSolutionNode = FALSE
	EndGlobalSection
	GlobalSection(NestedProjects) = preSolution
		{EC8ED506-D584-4C08-A827-DFE301F775F7} = {8C9A7E3F-E54F-48F2-B446-C47033F88966}
		{1981F386-7C69-41E4-B859-22D2D4322098} = {8C9A7E3F-E54F-48F2-B446-C47033F88966}
		{AF2925D1-E039-4D6B-AE81-2F5FE56FAF4E} = {8C9A7E3F-E54F-48F2-B446-C47033F88966}
		{4E175507-9C76-4B55-BB86-680E974271FC} = {8C9A7E3F-E54F-48F2-B446-C47033F88966}
		{FF8E83D4-62D9-4E0F-908C-9FD2C2C9C229} = {8C9A7E3F-E54F-48F2-B446-C47033F88966}
		{F972362E-B0BD-461D-950A-5A3EA19BF120} = {8C9A7E3F-E54F-48F2-B446-C47033F88966}
		{A1F8C8E1-9FB3-4300-B411-E21A73093566} = {3430ED6D-6CA2-4205-B99F-947DF89B4D54}
		{75C86772-1079-4FF0-9C69-268131872B0D} = {8C9A7E3F-E54F-48F2-B446-C47033F88966}
		{FD99738A-616D-41DF-A4A7-4DD6ABEB5DEB} = {8C9A7E3F-E54F-48F2-B446-C47033F88966}
		{C02AC3F2-58A3-451E-AD0F-BF3D245B93BC} = {8C9A7E3F-E54F-48F2-B446-C47033F88966}
		{610A37DE-BE28-4C98-AE68-FE98EBA4D86E} = {7943E07F-764B-443D-87F7-3727A8CA0434}
		{AA3AAE42-B02B-49D4-883E-20B559683B3D} = {7943E07F-764B-443D-87F7-3727A8CA0434}
		{ACAD2BD7-9658-49CD-B885-EF95B34D3D1C} = {7943E07F-764B-443D-87F7-3727A8CA0434}
		{DE600B9A-C488-40E1-8D0E-E0E6D64FFB90} = {8C9A7E3F-E54F-48F2-B446-C47033F88966}
		{DE4A8BEA-54BB-49BD-924B-A70A90AED1D7} = {6EBB36F8-F201-4807-929D-A376B211FF4C}
		{B1295CC6-A366-4A4E-8E77-874EC79FFAF5} = {6EBB36F8-F201-4807-929D-A376B211FF4C}
		{6EBB36F8-F201-4807-929D-A376B211FF4C} = {3430ED6D-6CA2-4205-B99F-947DF89B4D54}
		{6FFD43F9-B99D-4AF1-B746-F8F993CFB7B4} = {6EBB36F8-F201-4807-929D-A376B211FF4C}
		{EAEF40DA-8F29-4E46-AE30-D5B827C88FBB} = {6EBB36F8-F201-4807-929D-A376B211FF4C}
		{10264E20-CAEE-42CD-B849-9C23014AAC74} = {6EBB36F8-F201-4807-929D-A376B211FF4C}
		{761276F7-95D2-4FAF-97A0-DEB2FF0691A8} = {7943E07F-764B-443D-87F7-3727A8CA0434}
	EndGlobalSection
EndGlobal
